
Microsoft Visual Studio Solution File, Format Version 12.00
# Visual Studio Version 17
VisualStudioVersion = 17.12.35527.113 d17.12
MinimumVisualStudioVersion = 10.0.40219.1
Project("{FAE04EC0-301F-11D3-BF4B-00C04F79EFBC}") = "DoctorAppointment", "Doctor'sAppointment\DoctorAppointment.csproj", "{5EAA8AD8-374B-4C75-BE1A-5341206887BC}"
EndProject
Project("{FAE04EC0-301F-11D3-BF4B-00C04F79EFBC}") = "BLL", "BLL\BLL.csproj", "{34D3835D-B7B8-446B-BED3-20057A2CE6A6}"
EndProject
Project("{FAE04EC0-301F-11D3-BF4B-00C04F79EFBC}") = "DAL", "DAL\DAL.csproj", "{AA05C477-BE57-4111-9E0F-21A4F29D1323}"
EndProject
Global
	GlobalSection(SolutionConfigurationPlatforms) = preSolution
		Debug|Any CPU = Debug|Any CPU
		Release|Any CPU = Release|Any CPU
	EndGlobalSection
	GlobalSection(ProjectConfigurationPlatforms) = postSolution
		{5EAA8AD8-374B-4C75-BE1A-5341206887BC}.Debug|Any CPU.ActiveCfg = Debug|Any CPU
		{5EAA8AD8-374B-4C75-BE1A-5341206887BC}.Debug|Any CPU.Build.0 = Debug|Any CPU
		{5EAA8AD8-374B-4C75-BE1A-5341206887BC}.Release|Any CPU.ActiveCfg = Release|Any CPU
		{5EAA8AD8-374B-4C75-BE1A-5341206887BC}.Release|Any CPU.Build.0 = Release|Any CPU
		{34D3835D-B7B8-446B-BED3-20057A2CE6A6}.Debug|Any CPU.ActiveCfg = Debug|Any CPU
		{34D3835D-B7B8-446B-BED3-20057A2CE6A6}.Debug|Any CPU.Build.0 = Debug|Any CPU
		{34D3835D-B7B8-446B-BED3-20057A2CE6A6}.Release|Any CPU.ActiveCfg = Release|Any CPU
		{34D3835D-B7B8-446B-BED3-20057A2CE6A6}.Release|Any CPU.Build.0 = Release|Any CPU
		{AA05C477-BE57-4111-9E0F-21A4F29D1323}.Debug|Any CPU.ActiveCfg = Debug|Any CPU
		{AA05C477-BE57-4111-9E0F-21A4F29D1323}.Debug|Any CPU.Build.0 = Debug|Any CPU
		{AA05C477-BE57-4111-9E0F-21A4F29D1323}.Release|Any CPU.ActiveCfg = Release|Any CPU
		{AA05C477-BE57-4111-9E0F-21A4F29D1323}.Release|Any CPU.Build.0 = Release|Any CPU
	EndGlobalSection
	GlobalSection(SolutionProperties) = preSolution
		HideSolutionNode = FALSE
	EndGlobalSection
EndGlobal
